
Microsoft Visual Studio Solution File, Format Version 12.00
# Visual Studio 15
Project("{FAE04EC0-301F-11D3-BF4B-00C04F79EFBC}") = "Ink-Libraries", "Ink-Libraries.csproj", "{E3701C91-076B-858E-7163-744667B8AB5C}"
EndProject
Project("{FAE04EC0-301F-11D3-BF4B-00C04F79EFBC}") = "Assembly-CSharp", "Assembly-CSharp.csproj", "{897CD869-05D6-0FE1-0E30-03DED59648E8}"
EndProject
Project("{FAE04EC0-301F-11D3-BF4B-00C04F79EFBC}") = "InkEditor", "InkEditor.csproj", "{E9B4BE48-0160-DD28-CB7D-449968484569}"
EndProject
Project("{FAE04EC0-301F-11D3-BF4B-00C04F79EFBC}") = "Assembly-CSharp-Editor", "Assembly-CSharp-Editor.csproj", "{5DEB1E8E-5A17-355A-55B9-B144BFB17251}"
EndProject
Global
	GlobalSection(SolutionConfigurationPlatforms) = preSolution
		Debug|Any CPU = Debug|Any CPU
		Release|Any CPU = Release|Any CPU
	EndGlobalSection
	GlobalSection(ProjectConfigurationPlatforms) = postSolution
		{E3701C91-076B-858E-7163-744667B8AB5C}.Debug|Any CPU.ActiveCfg = Debug|Any CPU
		{E3701C91-076B-858E-7163-744667B8AB5C}.Debug|Any CPU.Build.0 = Debug|Any CPU
		{E3701C91-076B-858E-7163-744667B8AB5C}.Release|Any CPU.ActiveCfg = Release|Any CPU
		{E3701C91-076B-858E-7163-744667B8AB5C}.Release|Any CPU.Build.0 = Release|Any CPU
		{897CD869-05D6-0FE1-0E30-03DED59648E8}.Debug|Any CPU.ActiveCfg = Debug|Any CPU
		{897CD869-05D6-0FE1-0E30-03DED59648E8}.Debug|Any CPU.Build.0 = Debug|Any CPU
		{897CD869-05D6-0FE1-0E30-03DED59648E8}.Release|Any CPU.ActiveCfg = Release|Any CPU
		{897CD869-05D6-0FE1-0E30-03DED59648E8}.Release|Any CPU.Build.0 = Release|Any CPU
		{E9B4BE48-0160-DD28-CB7D-449968484569}.Debug|Any CPU.ActiveCfg = Debug|Any CPU
		{E9B4BE48-0160-DD28-CB7D-449968484569}.Debug|Any CPU.Build.0 = Debug|Any CPU
		{E9B4BE48-0160-DD28-CB7D-449968484569}.Release|Any CPU.ActiveCfg = Release|Any CPU
		{E9B4BE48-0160-DD28-CB7D-449968484569}.Release|Any CPU.Build.0 = Release|Any CPU
		{5DEB1E8E-5A17-355A-55B9-B144BFB17251}.Debug|Any CPU.ActiveCfg = Debug|Any CPU
		{5DEB1E8E-5A17-355A-55B9-B144BFB17251}.Debug|Any CPU.Build.0 = Debug|Any CPU
		{5DEB1E8E-5A17-355A-55B9-B144BFB17251}.Release|Any CPU.ActiveCfg = Release|Any CPU
		{5DEB1E8E-5A17-355A-55B9-B144BFB17251}.Release|Any CPU.Build.0 = Release|Any CPU
	EndGlobalSection
	GlobalSection(SolutionProperties) = preSolution
		HideSolutionNode = FALSE
	EndGlobalSection
EndGlobal
